
Microsoft Visual Studio Solution File, Format Version 12.00
# Visual Studio Version 16
VisualStudioVersion = 16.0.29324.140
MinimumVisualStudioVersion = 10.0.40219.1
Project("{9A19103F-16F7-4668-BE54-9A1E7A4F7556}") = "POC-API", "JWT Auth Test\POC-API.csproj", "{CAEB863C-81E8-4E34-9711-CDD77E4CA05B}"
EndProject
Global
	GlobalSection(SolutionConfigurationPlatforms) = preSolution
		Debug|Any CPU = Debug|Any CPU
		Release|Any CPU = Release|Any CPU
	EndGlobalSection
	GlobalSection(ProjectConfigurationPlatforms) = postSolution
		{CAEB863C-81E8-4E34-9711-CDD77E4CA05B}.Debug|Any CPU.ActiveCfg = Debug|Any CPU
		{CAEB863C-81E8-4E34-9711-CDD77E4CA05B}.Debug|Any CPU.Build.0 = Debug|Any CPU
		{CAEB863C-81E8-4E34-9711-CDD77E4CA05B}.Release|Any CPU.ActiveCfg = Release|Any CPU
		{CAEB863C-81E8-4E34-9711-CDD77E4CA05B}.Release|Any CPU.Build.0 = Release|Any CPU
	EndGlobalSection
	GlobalSection(SolutionProperties) = preSolution
		HideSolutionNode = FALSE
	EndGlobalSection
	GlobalSection(ExtensibilityGlobals) = postSolution
		SolutionGuid = {267B00BE-4120-4A06-B010-ED539535B59E}
	EndGlobalSection
EndGlobal
